// !$*UTF8*$!
{
	archiveVersion = 1;
	classes = {
	};
	objectVersion = 56;
	objects = {

/* Begin PBXBuildFile section */
		B442771728F9137A001FF69C /* AppDelegate.swift in Sources */ = {isa = PBXBuildFile; fileRef = B442771628F9137A001FF69C /* AppDelegate.swift */; };
		B442771928F9137A001FF69C /* SceneDelegate.swift in Sources */ = {isa = PBXBuildFile; fileRef = B442771828F9137A001FF69C /* SceneDelegate.swift */; };
		B442771B28F9137A001FF69C /* LoginViewController.swift in Sources */ = {isa = PBXBuildFile; fileRef = B442771A28F9137A001FF69C /* LoginViewController.swift */; };
		B442771E28F9137A001FF69C /* Main.storyboard in Resources */ = {isa = PBXBuildFile; fileRef = B442771C28F9137A001FF69C /* Main.storyboard */; };
		B442772028F9137B001FF69C /* Assets.xcassets in Resources */ = {isa = PBXBuildFile; fileRef = B442771F28F9137B001FF69C /* Assets.xcassets */; };
		B442772328F9137B001FF69C /* LaunchScreen.storyboard in Resources */ = {isa = PBXBuildFile; fileRef = B442772128F9137B001FF69C /* LaunchScreen.storyboard */; };
		B442772B28F9148F001FF69C /* GoogleService-Info.plist in Resources */ = {isa = PBXBuildFile; fileRef = B442772A28F9148F001FF69C /* GoogleService-Info.plist */; };
		B442772E28F9271F001FF69C /* FirebaseAuth in Frameworks */ = {isa = PBXBuildFile; productRef = B442772D28F9271F001FF69C /* FirebaseAuth */; };
		B442773028F9271F001FF69C /* FirebaseFirestore in Frameworks */ = {isa = PBXBuildFile; productRef = B442772F28F9271F001FF69C /* FirebaseFirestore */; };
		B442773228F9271F001FF69C /* FirebaseFunctions in Frameworks */ = {isa = PBXBuildFile; productRef = B442773128F9271F001FF69C /* FirebaseFunctions */; };
		B442773428F9271F001FF69C /* FirebaseMessaging in Frameworks */ = {isa = PBXBuildFile; productRef = B442773328F9271F001FF69C /* FirebaseMessaging */; };
		B442773628F9271F001FF69C /* FirebaseStorage in Frameworks */ = {isa = PBXBuildFile; productRef = B442773528F9271F001FF69C /* FirebaseStorage */; };
		B442773828F934D4001FF69C /* SecondViewController.swift in Sources */ = {isa = PBXBuildFile; fileRef = B442773728F934D4001FF69C /* SecondViewController.swift */; };
		B442773A28F938BE001FF69C /* CreatAccountViewController.swift in Sources */ = {isa = PBXBuildFile; fileRef = B442773928F938BE001FF69C /* CreatAccountViewController.swift */; };
		B442773C28F95AC9001FF69C /* Service.swift in Sources */ = {isa = PBXBuildFile; fileRef = B442773B28F95AC9001FF69C /* Service.swift */; };
		B442773E28FA71C0001FF69C /* ColorTableViewCell.swift in Sources */ = {isa = PBXBuildFile; fileRef = B442773D28FA71C0001FF69C /* ColorTableViewCell.swift */; };
/* End PBXBuildFile section */

/* Begin PBXFileReference section */
		B442771328F9137A001FF69C /* lesson9.app */ = {isa = PBXFileReference; explicitFileType = wrapper.application; includeInIndex = 0; path = lesson9.app; sourceTree = BUILT_PRODUCTS_DIR; };
		B442771628F9137A001FF69C /* AppDelegate.swift */ = {isa = PBXFileReference; lastKnownFileType = sourcecode.swift; path = AppDelegate.swift; sourceTree = "<group>"; };
		B442771828F9137A001FF69C /* SceneDelegate.swift */ = {isa = PBXFileReference; lastKnownFileType = sourcecode.swift; path = SceneDelegate.swift; sourceTree = "<group>"; };
		B442771A28F9137A001FF69C /* LoginViewController.swift */ = {isa = PBXFileReference; lastKnownFileType = sourcecode.swift; path = LoginViewController.swift; sourceTree = "<group>"; };
		B442771D28F9137A001FF69C /* Base */ = {isa = PBXFileReference; lastKnownFileType = file.storyboard; name = Base; path = Base.lproj/Main.storyboard; sourceTree = "<group>"; };
		B442771F28F9137B001FF69C /* Assets.xcassets */ = {isa = PBXFileReference; lastKnownFileType = folder.assetcatalog; path = Assets.xcassets; sourceTree = "<group>"; };
		B442772228F9137B001FF69C /* Base */ = {isa = PBXFileReference; lastKnownFileType = file.storyboard; name = Base; path = Base.lproj/LaunchScreen.storyboard; sourceTree = "<group>"; };
		B442772428F9137B001FF69C /* Info.plist */ = {isa = PBXFileReference; lastKnownFileType = text.plist.xml; path = Info.plist; sourceTree = "<group>"; };
		B442772A28F9148F001FF69C /* GoogleService-Info.plist */ = {isa = PBXFileReference; fileEncoding = 4; lastKnownFileType = text.plist.xml; path = "GoogleService-Info.plist"; sourceTree = "<group>"; };
		B442773728F934D4001FF69C /* SecondViewController.swift */ = {isa = PBXFileReference; lastKnownFileType = sourcecode.swift; path = SecondViewController.swift; sourceTree = "<group>"; };
		B442773928F938BE001FF69C /* CreatAccountViewController.swift */ = {isa = PBXFileReference; lastKnownFileType = sourcecode.swift; path = CreatAccountViewController.swift; sourceTree = "<group>"; };
		B442773B28F95AC9001FF69C /* Service.swift */ = {isa = PBXFileReference; lastKnownFileType = sourcecode.swift; path = Service.swift; sourceTree = "<group>"; };
		B442773D28FA71C0001FF69C /* ColorTableViewCell.swift */ = {isa = PBXFileReference; lastKnownFileType = sourcecode.swift; path = ColorTableViewCell.swift; sourceTree = "<group>"; };
/* End PBXFileReference section */

/* Begin PBXFrameworksBuildPhase section */
		B442771028F91379001FF69C /* Frameworks */ = {
			isa = PBXFrameworksBuildPhase;
			buildActionMask = 2147483647;
			files = (
				B442773428F9271F001FF69C /* FirebaseMessaging in Frameworks */,
				B442773228F9271F001FF69C /* FirebaseFunctions in Frameworks */,
				B442772E28F9271F001FF69C /* FirebaseAuth in Frameworks */,
				B442773628F9271F001FF69C /* FirebaseStorage in Frameworks */,
				B442773028F9271F001FF69C /* FirebaseFirestore in Frameworks */,
			);
			runOnlyForDeploymentPostprocessing = 0;
		};
/* End PBXFrameworksBuildPhase section */

/* Begin PBXGroup section */
		B442770A28F91379001FF69C = {
			isa = PBXGroup;
			children = (
				B442771528F9137A001FF69C /* lesson9 */,
				B442771428F9137A001FF69C /* Products */,
			);
			sourceTree = "<group>";
		};
		B442771428F9137A001FF69C /* Products */ = {
			isa = PBXGroup;
			children = (
				B442771328F9137A001FF69C /* lesson9.app */,
			);
			name = Products;
			sourceTree = "<group>";
		};
		B442771528F9137A001FF69C /* lesson9 */ = {
			isa = PBXGroup;
			children = (
				B442771628F9137A001FF69C /* AppDelegate.swift */,
				B442771828F9137A001FF69C /* SceneDelegate.swift */,
				B442771A28F9137A001FF69C /* LoginViewController.swift */,
				B442773728F934D4001FF69C /* SecondViewController.swift */,
				B442773928F938BE001FF69C /* CreatAccountViewController.swift */,
				B442773D28FA71C0001FF69C /* ColorTableViewCell.swift */,
				B442773B28F95AC9001FF69C /* Service.swift */,
				B442771C28F9137A001FF69C /* Main.storyboard */,
				B442771F28F9137B001FF69C /* Assets.xcassets */,
				B442772128F9137B001FF69C /* LaunchScreen.storyboard */,
				B442772A28F9148F001FF69C /* GoogleService-Info.plist */,
				B442772428F9137B001FF69C /* Info.plist */,
			);
			path = lesson9;
			sourceTree = "<group>";
		};
/* End PBXGroup section */

/* Begin PBXNativeTarget section */
		B442771228F91379001FF69C /* lesson9 */ = {
			isa = PBXNativeTarget;
			buildConfigurationList = B442772728F9137B001FF69C /* Build configuration list for PBXNativeTarget "lesson9" */;
			buildPhases = (
				B442770F28F91379001FF69C /* Sources */,
				B442771028F91379001FF69C /* Frameworks */,
				B442771128F91379001FF69C /* Resources */,
			);
			buildRules = (
			);
			dependencies = (
			);
			name = lesson9;
			packageProductDependencies = (
				B442772D28F9271F001FF69C /* FirebaseAuth */,
				B442772F28F9271F001FF69C /* FirebaseFirestore */,
				B442773128F9271F001FF69C /* FirebaseFunctions */,
				B442773328F9271F001FF69C /* FirebaseMessaging */,
				B442773528F9271F001FF69C /* FirebaseStorage */,
			);
			productName = lesson9;
			productReference = B442771328F9137A001FF69C /* lesson9.app */;
			productType = "com.apple.product-type.application";
		};
/* End PBXNativeTarget section */

/* Begin PBXProject section */
		B442770B28F91379001FF69C /* Project object */ = {
			isa = PBXProject;
			attributes = {
				BuildIndependentTargetsInParallel = 1;
				LastSwiftUpdateCheck = 1400;
				LastUpgradeCheck = 1400;
				TargetAttributes = {
					B442771228F91379001FF69C = {
						CreatedOnToolsVersion = 14.0.1;
					};
				};
			};
			buildConfigurationList = B442770E28F91379001FF69C /* Build configuration list for PBXProject "lesson9" */;
			compatibilityVersion = "Xcode 14.0";
			developmentRegion = en;
			hasScannedForEncodings = 0;
			knownRegions = (
				en,
				Base,
			);
			mainGroup = B442770A28F91379001FF69C;
			packageReferences = (
				B442772C28F9271F001FF69C /* XCRemoteSwiftPackageReference "firebase-ios-sdk" */,
			);
			productRefGroup = B442771428F9137A001FF69C /* Products */;
			projectDirPath = "";
			projectRoot = "";
			targets = (
				B442771228F91379001FF69C /* lesson9 */,
			);
		};
/* End PBXProject section */

/* Begin PBXResourcesBuildPhase section */
		B442771128F91379001FF69C /* Resources */ = {
			isa = PBXResourcesBuildPhase;
			buildActionMask = 2147483647;
			files = (
				B442772328F9137B001FF69C /* LaunchScreen.storyboard in Resources */,
				B442772028F9137B001FF69C /* Assets.xcassets in Resources */,
				B442771E28F9137A001FF69C /* Main.storyboard in Resources */,
				B442772B28F9148F001FF69C /* GoogleService-Info.plist in Resources */,
			);
			runOnlyForDeploymentPostprocessing = 0;
		};
/* End PBXResourcesBuildPhase section */

/* Begin PBXSourcesBuildPhase section */
		B442770F28F91379001FF69C /* Sources */ = {
			isa = PBXSourcesBuildPhase;
			buildActionMask = 2147483647;
			files = (
				B442773828F934D4001FF69C /* SecondViewController.swift in Sources */,
				B442773E28FA71C0001FF69C /* ColorTableViewCell.swift in Sources */,
				B442773A28F938BE001FF69C /* CreatAccountViewController.swift in Sources */,
				B442771B28F9137A001FF69C /* LoginViewController.swift in Sources */,
				B442771728F9137A001FF69C /* AppDelegate.swift in Sources */,
				B442771928F9137A001FF69C /* SceneDelegate.swift in Sources */,
				B442773C28F95AC9001FF69C /* Service.swift in Sources */,
			);
			runOnlyForDeploymentPostprocessing = 0;
		};
/* End PBXSourcesBuildPhase section */

/* Begin PBXVariantGroup section */
		B442771C28F9137A001FF69C /* Main.storyboard */ = {
			isa = PBXVariantGroup;
			children = (
				B442771D28F9137A001FF69C /* Base */,
			);
			name = Main.storyboard;
			sourceTree = "<group>";
		};
		B442772128F9137B001FF69C /* LaunchScreen.storyboard */ = {
			isa = PBXVariantGroup;
			children = (
				B442772228F9137B001FF69C /* Base */,
			);
			name = LaunchScreen.storyboard;
			sourceTree = "<group>";
		};
/* End PBXVariantGroup section */

/* Begin XCBuildConfiguration section */
		B442772528F9137B001FF69C /* Debug */ = {
			isa = XCBuildConfiguration;
			buildSettings = {
				ALWAYS_SEARCH_USER_PATHS = NO;
				CLANG_ANALYZER_NONNULL = YES;
				CLANG_ANALYZER_NUMBER_OBJECT_CONVERSION = YES_AGGRESSIVE;
				CLANG_CXX_LANGUAGE_STANDARD = "gnu++20";
				CLANG_ENABLE_MODULES = YES;
				CLANG_ENABLE_OBJC_ARC = YES;
				CLANG_ENABLE_OBJC_WEAK = YES;
				CLANG_WARN_BLOCK_CAPTURE_AUTORELEASING = YES;
				CLANG_WARN_BOOL_CONVERSION = YES;
				CLANG_WARN_COMMA = YES;
				CLANG_WARN_CONSTANT_CONVERSION = YES;
				CLANG_WARN_DEPRECATED_OBJC_IMPLEMENTATIONS = YES;
				CLANG_WARN_DIRECT_OBJC_ISA_USAGE = YES_ERROR;
				CLANG_WARN_DOCUMENTATION_COMMENTS = YES;
				CLANG_WARN_EMPTY_BODY = YES;
				CLANG_WARN_ENUM_CONVERSION = YES;
				CLANG_WARN_INFINITE_RECURSION = YES;
				CLANG_WARN_INT_CONVERSION = YES;
				CLANG_WARN_NON_LITERAL_NULL_CONVERSION = YES;
				CLANG_WARN_OBJC_IMPLICIT_RETAIN_SELF = YES;
				CLANG_WARN_OBJC_LITERAL_CONVERSION = YES;
				CLANG_WARN_OBJC_ROOT_CLASS = YES_ERROR;
				CLANG_WARN_QUOTED_INCLUDE_IN_FRAMEWORK_HEADER = YES;
				CLANG_WARN_RANGE_LOOP_ANALYSIS = YES;
				CLANG_WARN_STRICT_PROTOTYPES = YES;
				CLANG_WARN_SUSPICIOUS_MOVE = YES;
				CLANG_WARN_UNGUARDED_AVAILABILITY = YES_AGGRESSIVE;
				CLANG_WARN_UNREACHABLE_CODE = YES;
				CLANG_WARN__DUPLICATE_METHOD_MATCH = YES;
				COPY_PHASE_STRIP = NO;
				DEBUG_INFORMATION_FORMAT = dwarf;
				ENABLE_STRICT_OBJC_MSGSEND = YES;
				ENABLE_TESTABILITY = YES;
				GCC_C_LANGUAGE_STANDARD = gnu11;
				GCC_DYNAMIC_NO_PIC = NO;
				GCC_NO_COMMON_BLOCKS = YES;
				GCC_OPTIMIZATION_LEVEL = 0;
				GCC_PREPROCESSOR_DEFINITIONS = (
					"DEBUG=1",
					"$(inherited)",
				);
				GCC_WARN_64_TO_32_BIT_CONVERSION = YES;
				GCC_WARN_ABOUT_RETURN_TYPE = YES_ERROR;
				GCC_WARN_UNDECLARED_SELECTOR = YES;
				GCC_WARN_UNINITIALIZED_AUTOS = YES_AGGRESSIVE;
				GCC_WARN_UNUSED_FUNCTION = YES;
				GCC_WARN_UNUSED_VARIABLE = YES;
				IPHONEOS_DEPLOYMENT_TARGET = 16.0;
				MTL_ENABLE_DEBUG_INFO = INCLUDE_SOURCE;
				MTL_FAST_MATH = YES;
				ONLY_ACTIVE_ARCH = YES;
				SDKROOT = iphoneos;
				SWIFT_ACTIVE_COMPILATION_CONDITIONS = DEBUG;
				SWIFT_OPTIMIZATION_LEVEL = "-Onone";
			};
			name = Debug;
		};
		B442772628F9137B001FF69C /* Release */ = {
			isa = XCBuildConfiguration;
			buildSettings = {
				ALWAYS_SEARCH_USER_PATHS = NO;
				CLANG_ANALYZER_NONNULL = YES;
				CLANG_ANALYZER_NUMBER_OBJECT_CONVERSION = YES_AGGRESSIVE;
				CLANG_CXX_LANGUAGE_STANDARD = "gnu++20";
				CLANG_ENABLE_MODULES = YES;
				CLANG_ENABLE_OBJC_ARC = YES;
				CLANG_ENABLE_OBJC_WEAK = YES;
				CLANG_WARN_BLOCK_CAPTURE_AUTORELEASING = YES;
				CLANG_WARN_BOOL_CONVERSION = YES;
				CLANG_WARN_COMMA = YES;
				CLANG_WARN_CONSTANT_CONVERSION = YES;
				CLANG_WARN_DEPRECATED_OBJC_IMPLEMENTATIONS = YES;
				CLANG_WARN_DIRECT_OBJC_ISA_USAGE = YES_ERROR;
				CLANG_WARN_DOCUMENTATION_COMMENTS = YES;
				CLANG_WARN_EMPTY_BODY = YES;
				CLANG_WARN_ENUM_CONVERSION = YES;
				CLANG_WARN_INFINITE_RECURSION = YES;
				CLANG_WARN_INT_CONVERSION = YES;
				CLANG_WARN_NON_LITERAL_NULL_CONVERSION = YES;
				CLANG_WARN_OBJC_IMPLICIT_RETAIN_SELF = YES;
				CLANG_WARN_OBJC_LITERAL_CONVERSION = YES;
				CLANG_WARN_OBJC_ROOT_CLASS = YES_ERROR;
				CLANG_WARN_QUOTED_INCLUDE_IN_FRAMEWORK_HEADER = YES;
				CLANG_WARN_RANGE_LOOP_ANALYSIS = YES;
				CLANG_WARN_STRICT_PROTOTYPES = YES;
				CLANG_WARN_SUSPICIOUS_MOVE = YES;
				CLANG_WARN_UNGUARDED_AVAILABILITY = YES_AGGRESSIVE;
				CLANG_WARN_UNREACHABLE_CODE = YES;
				CLANG_WARN__DUPLICATE_METHOD_MATCH = YES;
				COPY_PHASE_STRIP = NO;
				DEBUG_INFORMATION_FORMAT = "dwarf-with-dsym";
				ENABLE_NS_ASSERTIONS = NO;
				ENABLE_STRICT_OBJC_MSGSEND = YES;
				GCC_C_LANGUAGE_STANDARD = gnu11;
				GCC_NO_COMMON_BLOCKS = YES;
				GCC_WARN_64_TO_32_BIT_CONVERSION = YES;
				GCC_WARN_ABOUT_RETURN_TYPE = YES_ERROR;
				GCC_WARN_UNDECLARED_SELECTOR = YES;
				GCC_WARN_UNINITIALIZED_AUTOS = YES_AGGRESSIVE;
				GCC_WARN_UNUSED_FUNCTION = YES;
				GCC_WARN_UNUSED_VARIABLE = YES;
				IPHONEOS_DEPLOYMENT_TARGET = 16.0;
				MTL_ENABLE_DEBUG_INFO = NO;
				MTL_FAST_MATH = YES;
				SDKROOT = iphoneos;
				SWIFT_COMPILATION_MODE = wholemodule;
				SWIFT_OPTIMIZATION_LEVEL = "-O";
				VALIDATE_PRODUCT = YES;
			};
			name = Release;
		};
		B442772828F9137B001FF69C /* Debug */ = {
			isa = XCBuildConfiguration;
			buildSettings = {
				ASSETCATALOG_COMPILER_APPICON_NAME = AppIcon;
				ASSETCATALOG_COMPILER_GLOBAL_ACCENT_COLOR_NAME = AccentColor;
				CODE_SIGN_STYLE = Automatic;
				CURRENT_PROJECT_VERSION = 1;
				DEVELOPMENT_TEAM = AD4W7X6593;
				GENERATE_INFOPLIST_FILE = YES;
				INFOPLIST_FILE = lesson9/Info.plist;
				INFOPLIST_KEY_UIApplicationSupportsIndirectInputEvents = YES;
				INFOPLIST_KEY_UILaunchStoryboardName = LaunchScreen;
				INFOPLIST_KEY_UIMainStoryboardFile = Main;
				INFOPLIST_KEY_UISupportedInterfaceOrientations_iPad = "UIInterfaceOrientationPortrait UIInterfaceOrientationPortraitUpsideDown UIInterfaceOrientationLandscapeLeft UIInterfaceOrientationLandscapeRight";
				INFOPLIST_KEY_UISupportedInterfaceOrientations_iPhone = "UIInterfaceOrientationPortrait UIInterfaceOrientationLandscapeLeft UIInterfaceOrientationLandscapeRight";
				LD_RUNPATH_SEARCH_PATHS = (
					"$(inherited)",
					"@executable_path/Frameworks",
				);
				MARKETING_VERSION = 1.0;
				PRODUCT_BUNDLE_IDENTIFIER = "-.lesson9";
				PRODUCT_NAME = "$(TARGET_NAME)";
				SWIFT_EMIT_LOC_STRINGS = YES;
				SWIFT_VERSION = 5.0;
				TARGETED_DEVICE_FAMILY = "1,2";
			};
			name = Debug;
		};
		B442772928F9137B001FF69C /* Release */ = {
			isa = XCBuildConfiguration;
			buildSettings = {
				ASSETCATALOG_COMPILER_APPICON_NAME = AppIcon;
				ASSETCATALOG_COMPILER_GLOBAL_ACCENT_COLOR_NAME = AccentColor;
				CODE_SIGN_STYLE = Automatic;
				CURRENT_PROJECT_VERSION = 1;
				DEVELOPMENT_TEAM = AD4W7X6593;
				GENERATE_INFOPLIST_FILE = YES;
				INFOPLIST_FILE = lesson9/Info.plist;
				INFOPLIST_KEY_UIApplicationSupportsIndirectInputEvents = YES;
				INFOPLIST_KEY_UILaunchStoryboardName = LaunchScreen;
				INFOPLIST_KEY_UIMainStoryboardFile = Main;
				INFOPLIST_KEY_UISupportedInterfaceOrientations_iPad = "UIInterfaceOrientationPortrait UIInterfaceOrientationPortraitUpsideDown UIInterfaceOrientationLandscapeLeft UIInterfaceOrientationLandscapeRight";
				INFOPLIST_KEY_UISupportedInterfaceOrientations_iPhone = "UIInterfaceOrientationPortrait UIInterfaceOrientationLandscapeLeft UIInterfaceOrientationLandscapeRight";
				LD_RUNPATH_SEARCH_PATHS = (
					"$(inherited)",
					"@executable_path/Frameworks",
				);
				MARKETING_VERSION = 1.0;
				PRODUCT_BUNDLE_IDENTIFIER = "-.lesson9";
				PRODUCT_NAME = "$(TARGET_NAME)";
				SWIFT_EMIT_LOC_STRINGS = YES;
				SWIFT_VERSION = 5.0;
				TARGETED_DEVICE_FAMILY = "1,2";
			};
			name = Release;
		};
/* End XCBuildConfiguration section */

/* Begin XCConfigurationList section */
		B442770E28F91379001FF69C /* Build configuration list for PBXProject "lesson9" */ = {
			isa = XCConfigurationList;
			buildConfigurations = (
				B442772528F9137B001FF69C /* Debug */,
				B442772628F9137B001FF69C /* Release */,
			);
			defaultConfigurationIsVisible = 0;
			defaultConfigurationName = Release;
		};
		B442772728F9137B001FF69C /* Build configuration list for PBXNativeTarget "lesson9" */ = {
			isa = XCConfigurationList;
			buildConfigurations = (
				B442772828F9137B001FF69C /* Debug */,
				B442772928F9137B001FF69C /* Release */,
			);
			defaultConfigurationIsVisible = 0;
			defaultConfigurationName = Release;
		};
/* End XCConfigurationList section */

/* Begin XCRemoteSwiftPackageReference section */
		B442772C28F9271F001FF69C /* XCRemoteSwiftPackageReference "firebase-ios-sdk" */ = {
			isa = XCRemoteSwiftPackageReference;
			repositoryURL = "https://github.com/firebase/firebase-ios-sdk";
			requirement = {
				kind = upToNextMajorVersion;
				minimumVersion = 9.0.0;
			};
		};
/* End XCRemoteSwiftPackageReference section */

/* Begin XCSwiftPackageProductDependency section */
		B442772D28F9271F001FF69C /* FirebaseAuth */ = {
			isa = XCSwiftPackageProductDependency;
			package = B442772C28F9271F001FF69C /* XCRemoteSwiftPackageReference "firebase-ios-sdk" */;
			productName = FirebaseAuth;
		};
		B442772F28F9271F001FF69C /* FirebaseFirestore */ = {
			isa = XCSwiftPackageProductDependency;
			package = B442772C28F9271F001FF69C /* XCRemoteSwiftPackageReference "firebase-ios-sdk" */;
			productName = FirebaseFirestore;
		};
		B442773128F9271F001FF69C /* FirebaseFunctions */ = {
			isa = XCSwiftPackageProductDependency;
			package = B442772C28F9271F001FF69C /* XCRemoteSwiftPackageReference "firebase-ios-sdk" */;
			productName = FirebaseFunctions;
		};
		B442773328F9271F001FF69C /* FirebaseMessaging */ = {
			isa = XCSwiftPackageProductDependency;
			package = B442772C28F9271F001FF69C /* XCRemoteSwiftPackageReference "firebase-ios-sdk" */;
			productName = FirebaseMessaging;
		};
		B442773528F9271F001FF69C /* FirebaseStorage */ = {
			isa = XCSwiftPackageProductDependency;
			package = B442772C28F9271F001FF69C /* XCRemoteSwiftPackageReference "firebase-ios-sdk" */;
			productName = FirebaseStorage;
		};
/* End XCSwiftPackageProductDependency section */
	};
	rootObject = B442770B28F91379001FF69C /* Project object */;
}
